
Microsoft Visual Studio Solution File, Format Version 12.00
Project("{FAE04EC0-301F-11D3-BF4B-00C04F79EFBC}") = "Client", "Client.csproj", "{C46F24CE-15EC-4FAE-BC43-EB08C88F4F28}"
EndProject
Global
	GlobalSection(SolutionConfigurationPlatforms) = preSolution
		Debug|Any CPU = Debug|Any CPU
		Release|Any CPU = Release|Any CPU
	EndGlobalSection
	GlobalSection(ProjectConfigurationPlatforms) = postSolution
		{C46F24CE-15EC-4FAE-BC43-EB08C88F4F28}.Debug|Any CPU.ActiveCfg = Debug|Any CPU
		{C46F24CE-15EC-4FAE-BC43-EB08C88F4F28}.Debug|Any CPU.Build.0 = Debug|Any CPU
		{C46F24CE-15EC-4FAE-BC43-EB08C88F4F28}.Release|Any CPU.ActiveCfg = Release|Any CPU
		{C46F24CE-15EC-4FAE-BC43-EB08C88F4F28}.Release|Any CPU.Build.0 = Release|Any CPU
	EndGlobalSection
EndGlobal
